
Microsoft Visual Studio Solution File, Format Version 12.00
Project("{FAE04EC0-301F-11D3-BF4B-00C04F79EFBC}") = "Medium.Feature.Toggle", "Medium.Feature.Toggle\Medium.Feature.Toggle.csproj", "{7585BA0E-9D50-4F20-90D6-2F4891F75890}"
EndProject
Global
	GlobalSection(SolutionConfigurationPlatforms) = preSolution
		Debug|Any CPU = Debug|Any CPU
		Release|Any CPU = Release|Any CPU
	EndGlobalSection
	GlobalSection(ProjectConfigurationPlatforms) = postSolution
		{7585BA0E-9D50-4F20-90D6-2F4891F75890}.Debug|Any CPU.ActiveCfg = Debug|Any CPU
		{7585BA0E-9D50-4F20-90D6-2F4891F75890}.Debug|Any CPU.Build.0 = Debug|Any CPU
		{7585BA0E-9D50-4F20-90D6-2F4891F75890}.Release|Any CPU.ActiveCfg = Release|Any CPU
		{7585BA0E-9D50-4F20-90D6-2F4891F75890}.Release|Any CPU.Build.0 = Release|Any CPU
	EndGlobalSection
EndGlobal
