
Microsoft Visual Studio Solution File, Format Version 12.00
# Visual Studio Version 17
VisualStudioVersion = 17.5.002.0
MinimumVisualStudioVersion = 10.0.40219.1
Project("{9A19103F-16F7-4668-BE54-9A1E7A4F7556}") = "Medium.Feature.Toggle", "Medium.Feature.Toggle.csproj", "{8B572185-842B-4E47-9761-172BB26036AE}"
EndProject
Global
	GlobalSection(SolutionConfigurationPlatforms) = preSolution
		Debug|Any CPU = Debug|Any CPU
		Release|Any CPU = Release|Any CPU
	EndGlobalSection
	GlobalSection(ProjectConfigurationPlatforms) = postSolution
		{8B572185-842B-4E47-9761-172BB26036AE}.Debug|Any CPU.ActiveCfg = Debug|Any CPU
		{8B572185-842B-4E47-9761-172BB26036AE}.Debug|Any CPU.Build.0 = Debug|Any CPU
		{8B572185-842B-4E47-9761-172BB26036AE}.Release|Any CPU.ActiveCfg = Release|Any CPU
		{8B572185-842B-4E47-9761-172BB26036AE}.Release|Any CPU.Build.0 = Release|Any CPU
	EndGlobalSection
	GlobalSection(SolutionProperties) = preSolution
		HideSolutionNode = FALSE
	EndGlobalSection
	GlobalSection(ExtensibilityGlobals) = postSolution
		SolutionGuid = {6CB26BF9-6162-4F70-A1C6-E5E698E9E310}
	EndGlobalSection
EndGlobal
